// !$*UTF8*$!
{
	archiveVersion = 1;
	classes = {
	};
	objectVersion = 46;
	objects = {

/* Begin PBXBuildFile section */
		F2FDBD84D75C019490F8A016 /* Pods.framework in Frameworks */ = {isa = PBXBuildFile; fileRef = 05B717F9163B8DEB90BDBBF1 /* Pods.framework */; settings = {ATTRIBUTES = (Weak, ); }; };
		FCCC9EC51B38F2F100A60888 /* AppDelegate.swift in Sources */ = {isa = PBXBuildFile; fileRef = FCCC9EC41B38F2F100A60888 /* AppDelegate.swift */; };
		FCCC9EC71B38F2F100A60888 /* ViewController.swift in Sources */ = {isa = PBXBuildFile; fileRef = FCCC9EC61B38F2F100A60888 /* ViewController.swift */; };
		FCCC9ECA1B38F2F100A60888 /* Main.storyboard in Resources */ = {isa = PBXBuildFile; fileRef = FCCC9EC81B38F2F100A60888 /* Main.storyboard */; };
		FCCC9ECC1B38F2F100A60888 /* Images.xcassets in Resources */ = {isa = PBXBuildFile; fileRef = FCCC9ECB1B38F2F100A60888 /* Images.xcassets */; };
		FCCC9ECF1B38F2F100A60888 /* LaunchScreen.xib in Resources */ = {isa = PBXBuildFile; fileRef = FCCC9ECD1B38F2F100A60888 /* LaunchScreen.xib */; };
		FCCC9EDB1B38F2F100A60888 /* CartTests.swift in Sources */ = {isa = PBXBuildFile; fileRef = FCCC9EDA1B38F2F100A60888 /* CartTests.swift */; };
/* End PBXBuildFile section */

/* Begin PBXContainerItemProxy section */
		FCCC9ED51B38F2F100A60888 /* PBXContainerItemProxy */ = {
			isa = PBXContainerItemProxy;
			containerPortal = FCCC9EB71B38F2F100A60888 /* Project object */;
			proxyType = 1;
			remoteGlobalIDString = FCCC9EBE1B38F2F100A60888;
			remoteInfo = Cart;
		};
/* End PBXContainerItemProxy section */

/* Begin PBXFileReference section */
		05B717F9163B8DEB90BDBBF1 /* Pods.framework */ = {isa = PBXFileReference; explicitFileType = wrapper.framework; includeInIndex = 0; path = Pods.framework; sourceTree = BUILT_PRODUCTS_DIR; };
		0F2DBA48C67CE2428980C99F /* Pods.debug.xcconfig */ = {isa = PBXFileReference; includeInIndex = 1; lastKnownFileType = text.xcconfig; name = Pods.debug.xcconfig; path = "Pods/Target Support Files/Pods/Pods.debug.xcconfig"; sourceTree = "<group>"; };
		25CE069748F140957AF8131E /* Pods.release.xcconfig */ = {isa = PBXFileReference; includeInIndex = 1; lastKnownFileType = text.xcconfig; name = Pods.release.xcconfig; path = "Pods/Target Support Files/Pods/Pods.release.xcconfig"; sourceTree = "<group>"; };
		FCCC9EBF1B38F2F100A60888 /* Cart.app */ = {isa = PBXFileReference; explicitFileType = wrapper.application; includeInIndex = 0; path = Cart.app; sourceTree = BUILT_PRODUCTS_DIR; };
		FCCC9EC31B38F2F100A60888 /* Info.plist */ = {isa = PBXFileReference; lastKnownFileType = text.plist.xml; path = Info.plist; sourceTree = "<group>"; };
		FCCC9EC41B38F2F100A60888 /* AppDelegate.swift */ = {isa = PBXFileReference; lastKnownFileType = sourcecode.swift; path = AppDelegate.swift; sourceTree = "<group>"; };
		FCCC9EC61B38F2F100A60888 /* ViewController.swift */ = {isa = PBXFileReference; lastKnownFileType = sourcecode.swift; path = ViewController.swift; sourceTree = "<group>"; };
		FCCC9EC91B38F2F100A60888 /* Base */ = {isa = PBXFileReference; lastKnownFileType = file.storyboard; name = Base; path = Base.lproj/Main.storyboard; sourceTree = "<group>"; };
		FCCC9ECB1B38F2F100A60888 /* Images.xcassets */ = {isa = PBXFileReference; lastKnownFileType = folder.assetcatalog; path = Images.xcassets; sourceTree = "<group>"; };
		FCCC9ECE1B38F2F100A60888 /* Base */ = {isa = PBXFileReference; lastKnownFileType = file.xib; name = Base; path = Base.lproj/LaunchScreen.xib; sourceTree = "<group>"; };
		FCCC9ED41B38F2F100A60888 /* CartTests.xctest */ = {isa = PBXFileReference; explicitFileType = wrapper.cfbundle; includeInIndex = 0; path = CartTests.xctest; sourceTree = BUILT_PRODUCTS_DIR; };
		FCCC9ED91B38F2F100A60888 /* Info.plist */ = {isa = PBXFileReference; lastKnownFileType = text.plist.xml; path = Info.plist; sourceTree = "<group>"; };
		FCCC9EDA1B38F2F100A60888 /* CartTests.swift */ = {isa = PBXFileReference; lastKnownFileType = sourcecode.swift; path = CartTests.swift; sourceTree = "<group>"; };
/* End PBXFileReference section */

/* Begin PBXFrameworksBuildPhase section */
		FCCC9EBC1B38F2F100A60888 /* Frameworks */ = {
			isa = PBXFrameworksBuildPhase;
			buildActionMask = 2147483647;
			files = (
			);
			runOnlyForDeploymentPostprocessing = 0;
		};
		FCCC9ED11B38F2F100A60888 /* Frameworks */ = {
			isa = PBXFrameworksBuildPhase;
			buildActionMask = 2147483647;
			files = (
				F2FDBD84D75C019490F8A016 /* Pods.framework in Frameworks */,
			);
			runOnlyForDeploymentPostprocessing = 0;
		};
/* End PBXFrameworksBuildPhase section */

/* Begin PBXGroup section */
		7E9E19782B3DC72FEFBF2EA2 /* Frameworks */ = {
			isa = PBXGroup;
			children = (
				05B717F9163B8DEB90BDBBF1 /* Pods.framework */,
			);
			name = Frameworks;
			sourceTree = "<group>";
		};
		925F91CBF818409B9D77627D /* Pods */ = {
			isa = PBXGroup;
			children = (
				0F2DBA48C67CE2428980C99F /* Pods.debug.xcconfig */,
				25CE069748F140957AF8131E /* Pods.release.xcconfig */,
			);
			name = Pods;
			sourceTree = "<group>";
		};
		FCCC9EB61B38F2F100A60888 = {
			isa = PBXGroup;
			children = (
				FCCC9EC11B38F2F100A60888 /* Cart */,
				FCCC9ED71B38F2F100A60888 /* CartTests */,
				FCCC9EC01B38F2F100A60888 /* Products */,
				925F91CBF818409B9D77627D /* Pods */,
				7E9E19782B3DC72FEFBF2EA2 /* Frameworks */,
			);
			sourceTree = "<group>";
		};
		FCCC9EC01B38F2F100A60888 /* Products */ = {
			isa = PBXGroup;
			children = (
				FCCC9EBF1B38F2F100A60888 /* Cart.app */,
				FCCC9ED41B38F2F100A60888 /* CartTests.xctest */,
			);
			name = Products;
			sourceTree = "<group>";
		};
		FCCC9EC11B38F2F100A60888 /* Cart */ = {
			isa = PBXGroup;
			children = (
				FCCC9EC41B38F2F100A60888 /* AppDelegate.swift */,
				FCCC9EC61B38F2F100A60888 /* ViewController.swift */,
				FCCC9EC81B38F2F100A60888 /* Main.storyboard */,
				FCCC9ECB1B38F2F100A60888 /* Images.xcassets */,
				FCCC9ECD1B38F2F100A60888 /* LaunchScreen.xib */,
				FCCC9EC21B38F2F100A60888 /* Supporting Files */,
			);
			path = Cart;
			sourceTree = "<group>";
		};
		FCCC9EC21B38F2F100A60888 /* Supporting Files */ = {
			isa = PBXGroup;
			children = (
				FCCC9EC31B38F2F100A60888 /* Info.plist */,
			);
			name = "Supporting Files";
			sourceTree = "<group>";
		};
		FCCC9ED71B38F2F100A60888 /* CartTests */ = {
			isa = PBXGroup;
			children = (
				FCCC9EDA1B38F2F100A60888 /* CartTests.swift */,
				FCCC9ED81B38F2F100A60888 /* Supporting Files */,
			);
			path = CartTests;
			sourceTree = "<group>";
		};
		FCCC9ED81B38F2F100A60888 /* Supporting Files */ = {
			isa = PBXGroup;
			children = (
				FCCC9ED91B38F2F100A60888 /* Info.plist */,
			);
			name = "Supporting Files";
			sourceTree = "<group>";
		};
/* End PBXGroup section */

/* Begin PBXNativeTarget section */
		FCCC9EBE1B38F2F100A60888 /* Cart */ = {
			isa = PBXNativeTarget;
			buildConfigurationList = FCCC9EDE1B38F2F100A60888 /* Build configuration list for PBXNativeTarget "Cart" */;
			buildPhases = (
				FCCC9EBB1B38F2F100A60888 /* Sources */,
				FCCC9EBC1B38F2F100A60888 /* Frameworks */,
				FCCC9EBD1B38F2F100A60888 /* Resources */,
			);
			buildRules = (
			);
			dependencies = (
			);
			name = Cart;
			productName = Cart;
			productReference = FCCC9EBF1B38F2F100A60888 /* Cart.app */;
			productType = "com.apple.product-type.application";
		};
		FCCC9ED31B38F2F100A60888 /* CartTests */ = {
			isa = PBXNativeTarget;
			buildConfigurationList = FCCC9EE11B38F2F100A60888 /* Build configuration list for PBXNativeTarget "CartTests" */;
			buildPhases = (
				925C84F0BC6A3D2A9AECD772 /* Check Pods Manifest.lock */,
				FCCC9ED01B38F2F100A60888 /* Sources */,
				FCCC9ED11B38F2F100A60888 /* Frameworks */,
				FCCC9ED21B38F2F100A60888 /* Resources */,
				FE87A26F87943524E4F303BD /* Embed Pods Frameworks */,
				E6D8D17080F193F2936BFE3C /* Copy Pods Resources */,
			);
			buildRules = (
			);
			dependencies = (
				FCCC9ED61B38F2F100A60888 /* PBXTargetDependency */,
			);
			name = CartTests;
			productName = CartTests;
			productReference = FCCC9ED41B38F2F100A60888 /* CartTests.xctest */;
			productType = "com.apple.product-type.bundle.unit-test";
		};
/* End PBXNativeTarget section */

/* Begin PBXProject section */
		FCCC9EB71B38F2F100A60888 /* Project object */ = {
			isa = PBXProject;
			attributes = {
				LastSwiftUpdateCheck = 0700;
				LastUpgradeCheck = 0630;
				ORGANIZATIONNAME = "Miguel Bassila";
				TargetAttributes = {
					FCCC9EBE1B38F2F100A60888 = {
						CreatedOnToolsVersion = 6.3.2;
					};
					FCCC9ED31B38F2F100A60888 = {
						CreatedOnToolsVersion = 6.3.2;
						TestTargetID = FCCC9EBE1B38F2F100A60888;
					};
				};
			};
			buildConfigurationList = FCCC9EBA1B38F2F100A60888 /* Build configuration list for PBXProject "Cart" */;
			compatibilityVersion = "Xcode 3.2";
			developmentRegion = English;
			hasScannedForEncodings = 0;
			knownRegions = (
				en,
				Base,
			);
			mainGroup = FCCC9EB61B38F2F100A60888;
			productRefGroup = FCCC9EC01B38F2F100A60888 /* Products */;
			projectDirPath = "";
			projectRoot = "";
			targets = (
				FCCC9EBE1B38F2F100A60888 /* Cart */,
				FCCC9ED31B38F2F100A60888 /* CartTests */,
			);
		};
/* End PBXProject section */

/* Begin PBXResourcesBuildPhase section */
		FCCC9EBD1B38F2F100A60888 /* Resources */ = {
			isa = PBXResourcesBuildPhase;
			buildActionMask = 2147483647;
			files = (
				FCCC9ECA1B38F2F100A60888 /* Main.storyboard in Resources */,
				FCCC9ECF1B38F2F100A60888 /* LaunchScreen.xib in Resources */,
				FCCC9ECC1B38F2F100A60888 /* Images.xcassets in Resources */,
			);
			runOnlyForDeploymentPostprocessing = 0;
		};
		FCCC9ED21B38F2F100A60888 /* Resources */ = {
			isa = PBXResourcesBuildPhase;
			buildActionMask = 2147483647;
			files = (
			);
			runOnlyForDeploymentPostprocessing = 0;
		};
/* End PBXResourcesBuildPhase section */

/* Begin PBXShellScriptBuildPhase section */
		925C84F0BC6A3D2A9AECD772 /* Check Pods Manifest.lock */ = {
			isa = PBXShellScriptBuildPhase;
			buildActionMask = 2147483647;
			files = (
			);
			inputPaths = (
			);
			name = "Check Pods Manifest.lock";
			outputPaths = (
			);
			runOnlyForDeploymentPostprocessing = 0;
			shellPath = /bin/sh;
			shellScript = "diff \"${PODS_ROOT}/../Podfile.lock\" \"${PODS_ROOT}/Manifest.lock\" > /dev/null\nif [[ $? != 0 ]] ; then\n    cat << EOM\nerror: The sandbox is not in sync with the Podfile.lock. Run 'pod install' or update your CocoaPods installation.\nEOM\n    exit 1\nfi\n";
			showEnvVarsInLog = 0;
		};
		E6D8D17080F193F2936BFE3C /* Copy Pods Resources */ = {
			isa = PBXShellScriptBuildPhase;
			buildActionMask = 2147483647;
			files = (
			);
			inputPaths = (
			);
			name = "Copy Pods Resources";
			outputPaths = (
			);
			runOnlyForDeploymentPostprocessing = 0;
			shellPath = /bin/sh;
			shellScript = "\"${SRCROOT}/Pods/Target Support Files/Pods/Pods-resources.sh\"\n";
			showEnvVarsInLog = 0;
		};
		FE87A26F87943524E4F303BD /* Embed Pods Frameworks */ = {
			isa = PBXShellScriptBuildPhase;
			buildActionMask = 2147483647;
			files = (
			);
			inputPaths = (
			);
			name = "Embed Pods Frameworks";
			outputPaths = (
			);
			runOnlyForDeploymentPostprocessing = 0;
			shellPath = /bin/sh;
			shellScript = "\"${SRCROOT}/Pods/Target Support Files/Pods/Pods-frameworks.sh\"\n";
			showEnvVarsInLog = 0;
		};
/* End PBXShellScriptBuildPhase section */

/* Begin PBXSourcesBuildPhase section */
		FCCC9EBB1B38F2F100A60888 /* Sources */ = {
			isa = PBXSourcesBuildPhase;
			buildActionMask = 2147483647;
			files = (
				FCCC9EC71B38F2F100A60888 /* ViewController.swift in Sources */,
				FCCC9EC51B38F2F100A60888 /* AppDelegate.swift in Sources */,
			);
			runOnlyForDeploymentPostprocessing = 0;
		};
		FCCC9ED01B38F2F100A60888 /* Sources */ = {
			isa = PBXSourcesBuildPhase;
			buildActionMask = 2147483647;
			files = (
				FCCC9EDB1B38F2F100A60888 /* CartTests.swift in Sources */,
			);
			runOnlyForDeploymentPostprocessing = 0;
		};
/* End PBXSourcesBuildPhase section */

/* Begin PBXTargetDependency section */
		FCCC9ED61B38F2F100A60888 /* PBXTargetDependency */ = {
			isa = PBXTargetDependency;
			target = FCCC9EBE1B38F2F100A60888 /* Cart */;
			targetProxy = FCCC9ED51B38F2F100A60888 /* PBXContainerItemProxy */;
		};
/* End PBXTargetDependency section */

/* Begin PBXVariantGroup section */
		FCCC9EC81B38F2F100A60888 /* Main.storyboard */ = {
			isa = PBXVariantGroup;
			children = (
				FCCC9EC91B38F2F100A60888 /* Base */,
			);
			name = Main.storyboard;
			sourceTree = "<group>";
		};
		FCCC9ECD1B38F2F100A60888 /* LaunchScreen.xib */ = {
			isa = PBXVariantGroup;
			children = (
				FCCC9ECE1B38F2F100A60888 /* Base */,
			);
			name = LaunchScreen.xib;
			sourceTree = "<group>";
		};
/* End PBXVariantGroup section */

/* Begin XCBuildConfiguration section */
		FCCC9EDC1B38F2F100A60888 /* Debug */ = {
			isa = XCBuildConfiguration;
			buildSettings = {
				ALWAYS_SEARCH_USER_PATHS = NO;
				CLANG_CXX_LANGUAGE_STANDARD = "gnu++0x";
				CLANG_CXX_LIBRARY = "libc++";
				CLANG_ENABLE_MODULES = YES;
				CLANG_ENABLE_OBJC_ARC = YES;
				CLANG_WARN_BOOL_CONVERSION = YES;
				CLANG_WARN_CONSTANT_CONVERSION = YES;
				CLANG_WARN_DIRECT_OBJC_ISA_USAGE = YES_ERROR;
				CLANG_WARN_EMPTY_BODY = YES;
				CLANG_WARN_ENUM_CONVERSION = YES;
				CLANG_WARN_INT_CONVERSION = YES;
				CLANG_WARN_OBJC_ROOT_CLASS = YES_ERROR;
				CLANG_WARN_UNREACHABLE_CODE = YES;
				CLANG_WARN__DUPLICATE_METHOD_MATCH = YES;
				"CODE_SIGN_IDENTITY[sdk=iphoneos*]" = "iPhone Developer";
				COPY_PHASE_STRIP = NO;
				DEBUG_INFORMATION_FORMAT = "dwarf-with-dsym";
				ENABLE_STRICT_OBJC_MSGSEND = YES;
				GCC_C_LANGUAGE_STANDARD = gnu99;
				GCC_DYNAMIC_NO_PIC = NO;
				GCC_NO_COMMON_BLOCKS = YES;
				GCC_OPTIMIZATION_LEVEL = 0;
				GCC_PREPROCESSOR_DEFINITIONS = (
					"DEBUG=1",
					"$(inherited)",
				);
				GCC_SYMBOLS_PRIVATE_EXTERN = NO;
				GCC_WARN_64_TO_32_BIT_CONVERSION = YES;
				GCC_WARN_ABOUT_RETURN_TYPE = YES_ERROR;
				GCC_WARN_UNDECLARED_SELECTOR = YES;
				GCC_WARN_UNINITIALIZED_AUTOS = YES_AGGRESSIVE;
				GCC_WARN_UNUSED_FUNCTION = YES;
				GCC_WARN_UNUSED_VARIABLE = YES;
				IPHONEOS_DEPLOYMENT_TARGET = 8.3;
				MTL_ENABLE_DEBUG_INFO = YES;
				ONLY_ACTIVE_ARCH = YES;
				SDKROOT = iphoneos;
				SWIFT_OPTIMIZATION_LEVEL = "-Onone";
			};
			name = Debug;
		};
		FCCC9EDD1B38F2F100A60888 /* Release */ = {
			isa = XCBuildConfiguration;
			buildSettings = {
				ALWAYS_SEARCH_USER_PATHS = NO;
				CLANG_CXX_LANGUAGE_STANDARD = "gnu++0x";
				CLANG_CXX_LIBRARY = "libc++";
				CLANG_ENABLE_MODULES = YES;
				CLANG_ENABLE_OBJC_ARC = YES;
				CLANG_WARN_BOOL_CONVERSION = YES;
				CLANG_WARN_CONSTANT_CONVERSION = YES;
				CLANG_WARN_DIRECT_OBJC_ISA_USAGE = YES_ERROR;
				CLANG_WARN_EMPTY_BODY = YES;
				CLANG_WARN_ENUM_CONVERSION = YES;
				CLANG_WARN_INT_CONVERSION = YES;
				CLANG_WARN_OBJC_ROOT_CLASS = YES_ERROR;
				CLANG_WARN_UNREACHABLE_CODE = YES;
				CLANG_WARN__DUPLICATE_METHOD_MATCH = YES;
				"CODE_SIGN_IDENTITY[sdk=iphoneos*]" = "iPhone Developer";
				COPY_PHASE_STRIP = NO;
				DEBUG_INFORMATION_FORMAT = "dwarf-with-dsym";
				ENABLE_NS_ASSERTIONS = NO;
				ENABLE_STRICT_OBJC_MSGSEND = YES;
				GCC_C_LANGUAGE_STANDARD = gnu99;
				GCC_NO_COMMON_BLOCKS = YES;
				GCC_WARN_64_TO_32_BIT_CONVERSION = YES;
				GCC_WARN_ABOUT_RETURN_TYPE = YES_ERROR;
				GCC_WARN_UNDECLARED_SELECTOR = YES;
				GCC_WARN_UNINITIALIZED_AUTOS = YES_AGGRESSIVE;
				GCC_WARN_UNUSED_FUNCTION = YES;
				GCC_WARN_UNUSED_VARIABLE = YES;
				IPHONEOS_DEPLOYMENT_TARGET = 8.3;
				MTL_ENABLE_DEBUG_INFO = NO;
				SDKROOT = iphoneos;
				VALIDATE_PRODUCT = YES;
			};
			name = Release;
		};
		FCCC9EDF1B38F2F100A60888 /* Debug */ = {
			isa = XCBuildConfiguration;
			buildSettings = {
				ASSETCATALOG_COMPILER_APPICON_NAME = AppIcon;
				INFOPLIST_FILE = Cart/Info.plist;
				LD_RUNPATH_SEARCH_PATHS = "$(inherited) @executable_path/Frameworks";
				PRODUCT_NAME = "$(TARGET_NAME)";
			};
			name = Debug;
		};
		FCCC9EE01B38F2F100A60888 /* Release */ = {
			isa = XCBuildConfiguration;
			buildSettings = {
				ASSETCATALOG_COMPILER_APPICON_NAME = AppIcon;
				INFOPLIST_FILE = Cart/Info.plist;
				LD_RUNPATH_SEARCH_PATHS = "$(inherited) @executable_path/Frameworks";
				PRODUCT_NAME = "$(TARGET_NAME)";
			};
			name = Release;
		};
		FCCC9EE21B38F2F100A60888 /* Debug */ = {
			isa = XCBuildConfiguration;
			baseConfigurationReference = 0F2DBA48C67CE2428980C99F /* Pods.debug.xcconfig */;
			buildSettings = {
				BUNDLE_LOADER = "$(TEST_HOST)";
				FRAMEWORK_SEARCH_PATHS = (
					"$(SDKROOT)/Developer/Library/Frameworks",
					"$(inherited)",
				);
				GCC_PREPROCESSOR_DEFINITIONS = (
					"DEBUG=1",
					"$(inherited)",
				);
				INFOPLIST_FILE = CartTests/Info.plist;
				LD_RUNPATH_SEARCH_PATHS = "$(inherited) @executable_path/Frameworks @loader_path/Frameworks";
				PRODUCT_NAME = "$(TARGET_NAME)";
				TEST_HOST = "$(BUILT_PRODUCTS_DIR)/Cart.app/Cart";
			};
			name = Debug;
		};
		FCCC9EE31B38F2F100A60888 /* Release */ = {
			isa = XCBuildConfiguration;
			baseConfigurationReference = 25CE069748F140957AF8131E /* Pods.release.xcconfig */;
			buildSettings = {
				BUNDLE_LOADER = "$(TEST_HOST)";
				FRAMEWORK_SEARCH_PATHS = (
					"$(SDKROOT)/Developer/Library/Frameworks",
					"$(inherited)",
				);
				INFOPLIST_FILE = CartTests/Info.plist;
				LD_RUNPATH_SEARCH_PATHS = "$(inherited) @executable_path/Frameworks @loader_path/Frameworks";
				PRODUCT_NAME = "$(TARGET_NAME)";
				TEST_HOST = "$(BUILT_PRODUCTS_DIR)/Cart.app/Cart";
			};
			name = Release;
		};
/* End XCBuildConfiguration section */

/* Begin XCConfigurationList section */
		FCCC9EBA1B38F2F100A60888 /* Build configuration list for PBXProject "Cart" */ = {
			isa = XCConfigurationList;
			buildConfigurations = (
				FCCC9EDC1B38F2F100A60888 /* Debug */,
				FCCC9EDD1B38F2F100A60888 /* Release */,
			);
			defaultConfigurationIsVisible = 0;
			defaultConfigurationName = Release;
		};
		FCCC9EDE1B38F2F100A60888 /* Build configuration list for PBXNativeTarget "Cart" */ = {
			isa = XCConfigurationList;
			buildConfigurations = (
				FCCC9EDF1B38F2F100A60888 /* Debug */,
				FCCC9EE01B38F2F100A60888 /* Release */,
			);
			defaultConfigurationIsVisible = 0;
			defaultConfigurationName = Release;
		};
		FCCC9EE11B38F2F100A60888 /* Build configuration list for PBXNativeTarget "CartTests" */ = {
			isa = XCConfigurationList;
			buildConfigurations = (
				FCCC9EE21B38F2F100A60888 /* Debug */,
				FCCC9EE31B38F2F100A60888 /* Release */,
			);
			defaultConfigurationIsVisible = 0;
			defaultConfigurationName = Release;
		};
/* End XCConfigurationList section */
	};
	rootObject = FCCC9EB71B38F2F100A60888 /* Project object */;
}
